// !$*UTF8*$!
{
	archiveVersion = 1;
	classes = {
	};
	objectVersion = 56;
	objects = {

/* Begin PBXBuildFile section */
		C35E87EF29067044004FAA6D /* RxCocoa in Frameworks */ = {isa = PBXBuildFile; productRef = C35E87EE29067044004FAA6D /* RxCocoa */; };
		C35E87F129067044004FAA6D /* RxSwift in Frameworks */ = {isa = PBXBuildFile; productRef = C35E87F029067044004FAA6D /* RxSwift */; };
		C35E87F329067061004FAA6D /* RxMainView.swift in Sources */ = {isa = PBXBuildFile; fileRef = C35E87F229067061004FAA6D /* RxMainView.swift */; };
		C35E87F52906706A004FAA6D /* RxMainViewController.swift in Sources */ = {isa = PBXBuildFile; fileRef = C35E87F42906706A004FAA6D /* RxMainViewController.swift */; };
		C35E88222907F421004FAA6D /* RxSubjectViewModel.swift in Sources */ = {isa = PBXBuildFile; fileRef = C35E88212907F421004FAA6D /* RxSubjectViewModel.swift */; };
		C35E88242907F701004FAA6D /* RxSubjectViewController.swift in Sources */ = {isa = PBXBuildFile; fileRef = C35E88232907F701004FAA6D /* RxSubjectViewController.swift */; };
		C35E88262907F720004FAA6D /* RxSubjectView.swift in Sources */ = {isa = PBXBuildFile; fileRef = C35E88252907F720004FAA6D /* RxSubjectView.swift */; };
		C3A7FCA428FFECED0015F744 /* BaseView.swift in Sources */ = {isa = PBXBuildFile; fileRef = C3A7FCA328FFECED0015F744 /* BaseView.swift */; };
		C3A7FCA628FFED510015F744 /* MainView.swift in Sources */ = {isa = PBXBuildFile; fileRef = C3A7FCA528FFED510015F744 /* MainView.swift */; };
		C3A7FCA928FFEDD10015F744 /* SnapKit in Frameworks */ = {isa = PBXBuildFile; productRef = C3A7FCA828FFEDD10015F744 /* SnapKit */; };
		C3A7FCAB28FFEE3F0015F744 /* BaseViewController.swift in Sources */ = {isa = PBXBuildFile; fileRef = C3A7FCAA28FFEE3F0015F744 /* BaseViewController.swift */; };
		C3A7FCAD28FFEE470015F744 /* MainViewController.swift in Sources */ = {isa = PBXBuildFile; fileRef = C3A7FCAC28FFEE470015F744 /* MainViewController.swift */; };
		C3A7FCB0290015430015F744 /* SettingView.swift in Sources */ = {isa = PBXBuildFile; fileRef = C3A7FCAF290015430015F744 /* SettingView.swift */; };
		C3A7FCB22900154E0015F744 /* SettingViewController.swift in Sources */ = {isa = PBXBuildFile; fileRef = C3A7FCB12900154E0015F744 /* SettingViewController.swift */; };
		C3F1DE8628FE84C7002AA543 /* AppDelegate.swift in Sources */ = {isa = PBXBuildFile; fileRef = C3F1DE8528FE84C7002AA543 /* AppDelegate.swift */; };
		C3F1DE8828FE84C7002AA543 /* SceneDelegate.swift in Sources */ = {isa = PBXBuildFile; fileRef = C3F1DE8728FE84C7002AA543 /* SceneDelegate.swift */; };
		C3F1DE8A28FE84C7002AA543 /* ViewController.swift in Sources */ = {isa = PBXBuildFile; fileRef = C3F1DE8928FE84C7002AA543 /* ViewController.swift */; };
		C3F1DE8D28FE84C7002AA543 /* Main.storyboard in Resources */ = {isa = PBXBuildFile; fileRef = C3F1DE8B28FE84C7002AA543 /* Main.storyboard */; };
		C3F1DE8F28FE84C8002AA543 /* Assets.xcassets in Resources */ = {isa = PBXBuildFile; fileRef = C3F1DE8E28FE84C8002AA543 /* Assets.xcassets */; };
		C3F1DE9228FE84C8002AA543 /* LaunchScreen.storyboard in Resources */ = {isa = PBXBuildFile; fileRef = C3F1DE9028FE84C8002AA543 /* LaunchScreen.storyboard */; };
		C3F1DE9B28FE8512002AA543 /* Realm in Frameworks */ = {isa = PBXBuildFile; productRef = C3F1DE9A28FE8512002AA543 /* Realm */; };
		C3F1DE9D28FE8512002AA543 /* RealmSwift in Frameworks */ = {isa = PBXBuildFile; productRef = C3F1DE9C28FE8512002AA543 /* RealmSwift */; };
		C3F1DE9F28FE8526002AA543 /* FlowLayoutCollectionViewController.swift in Sources */ = {isa = PBXBuildFile; fileRef = C3F1DE9E28FE8526002AA543 /* FlowLayoutCollectionViewController.swift */; };
		C3F1DEA128FE864E002AA543 /* Todo.swift in Sources */ = {isa = PBXBuildFile; fileRef = C3F1DEA028FE864E002AA543 /* Todo.swift */; };
/* End PBXBuildFile section */

/* Begin PBXFileReference section */
		C35E87F229067061004FAA6D /* RxMainView.swift */ = {isa = PBXFileReference; lastKnownFileType = sourcecode.swift; path = RxMainView.swift; sourceTree = "<group>"; };
		C35E87F42906706A004FAA6D /* RxMainViewController.swift */ = {isa = PBXFileReference; lastKnownFileType = sourcecode.swift; path = RxMainViewController.swift; sourceTree = "<group>"; };
		C35E88212907F421004FAA6D /* RxSubjectViewModel.swift */ = {isa = PBXFileReference; lastKnownFileType = sourcecode.swift; path = RxSubjectViewModel.swift; sourceTree = "<group>"; };
		C35E88232907F701004FAA6D /* RxSubjectViewController.swift */ = {isa = PBXFileReference; lastKnownFileType = sourcecode.swift; path = RxSubjectViewController.swift; sourceTree = "<group>"; };
		C35E88252907F720004FAA6D /* RxSubjectView.swift */ = {isa = PBXFileReference; lastKnownFileType = sourcecode.swift; path = RxSubjectView.swift; sourceTree = "<group>"; };
		C3A7FCA328FFECED0015F744 /* BaseView.swift */ = {isa = PBXFileReference; lastKnownFileType = sourcecode.swift; path = BaseView.swift; sourceTree = "<group>"; };
		C3A7FCA528FFED510015F744 /* MainView.swift */ = {isa = PBXFileReference; lastKnownFileType = sourcecode.swift; path = MainView.swift; sourceTree = "<group>"; };
		C3A7FCAA28FFEE3F0015F744 /* BaseViewController.swift */ = {isa = PBXFileReference; lastKnownFileType = sourcecode.swift; path = BaseViewController.swift; sourceTree = "<group>"; };
		C3A7FCAC28FFEE470015F744 /* MainViewController.swift */ = {isa = PBXFileReference; lastKnownFileType = sourcecode.swift; path = MainViewController.swift; sourceTree = "<group>"; };
		C3A7FCAF290015430015F744 /* SettingView.swift */ = {isa = PBXFileReference; lastKnownFileType = sourcecode.swift; path = SettingView.swift; sourceTree = "<group>"; };
		C3A7FCB12900154E0015F744 /* SettingViewController.swift */ = {isa = PBXFileReference; lastKnownFileType = sourcecode.swift; path = SettingViewController.swift; sourceTree = "<group>"; };
		C3F1DE8228FE84C7002AA543 /* FlowLayoutTest.app */ = {isa = PBXFileReference; explicitFileType = wrapper.application; includeInIndex = 0; path = FlowLayoutTest.app; sourceTree = BUILT_PRODUCTS_DIR; };
		C3F1DE8528FE84C7002AA543 /* AppDelegate.swift */ = {isa = PBXFileReference; lastKnownFileType = sourcecode.swift; path = AppDelegate.swift; sourceTree = "<group>"; };
		C3F1DE8728FE84C7002AA543 /* SceneDelegate.swift */ = {isa = PBXFileReference; lastKnownFileType = sourcecode.swift; path = SceneDelegate.swift; sourceTree = "<group>"; };
		C3F1DE8928FE84C7002AA543 /* ViewController.swift */ = {isa = PBXFileReference; lastKnownFileType = sourcecode.swift; path = ViewController.swift; sourceTree = "<group>"; };
		C3F1DE8C28FE84C7002AA543 /* Base */ = {isa = PBXFileReference; lastKnownFileType = file.storyboard; name = Base; path = Base.lproj/Main.storyboard; sourceTree = "<group>"; };
		C3F1DE8E28FE84C8002AA543 /* Assets.xcassets */ = {isa = PBXFileReference; lastKnownFileType = folder.assetcatalog; path = Assets.xcassets; sourceTree = "<group>"; };
		C3F1DE9128FE84C8002AA543 /* Base */ = {isa = PBXFileReference; lastKnownFileType = file.storyboard; name = Base; path = Base.lproj/LaunchScreen.storyboard; sourceTree = "<group>"; };
		C3F1DE9328FE84C8002AA543 /* Info.plist */ = {isa = PBXFileReference; lastKnownFileType = text.plist.xml; path = Info.plist; sourceTree = "<group>"; };
		C3F1DE9E28FE8526002AA543 /* FlowLayoutCollectionViewController.swift */ = {isa = PBXFileReference; lastKnownFileType = sourcecode.swift; path = FlowLayoutCollectionViewController.swift; sourceTree = "<group>"; };
		C3F1DEA028FE864E002AA543 /* Todo.swift */ = {isa = PBXFileReference; lastKnownFileType = sourcecode.swift; path = Todo.swift; sourceTree = "<group>"; };
/* End PBXFileReference section */

/* Begin PBXFrameworksBuildPhase section */
		C3F1DE7F28FE84C7002AA543 /* Frameworks */ = {
			isa = PBXFrameworksBuildPhase;
			buildActionMask = 2147483647;
			files = (
				C3A7FCA928FFEDD10015F744 /* SnapKit in Frameworks */,
				C3F1DE9D28FE8512002AA543 /* RealmSwift in Frameworks */,
				C35E87F129067044004FAA6D /* RxSwift in Frameworks */,
				C35E87EF29067044004FAA6D /* RxCocoa in Frameworks */,
				C3F1DE9B28FE8512002AA543 /* Realm in Frameworks */,
			);
			runOnlyForDeploymentPostprocessing = 0;
		};
/* End PBXFrameworksBuildPhase section */

/* Begin PBXGroup section */
		C35E87EC29067021004FAA6D /* Rx */ = {
			isa = PBXGroup;
			children = (
				C35E87F229067061004FAA6D /* RxMainView.swift */,
				C35E87F42906706A004FAA6D /* RxMainViewController.swift */,
				C35E88212907F421004FAA6D /* RxSubjectViewModel.swift */,
				C35E88232907F701004FAA6D /* RxSubjectViewController.swift */,
				C35E88252907F720004FAA6D /* RxSubjectView.swift */,
			);
			path = Rx;
			sourceTree = "<group>";
		};
		C3A7FCAE290015390015F744 /* Setting */ = {
			isa = PBXGroup;
			children = (
				C3A7FCAF290015430015F744 /* SettingView.swift */,
				C3A7FCB12900154E0015F744 /* SettingViewController.swift */,
			);
			path = Setting;
			sourceTree = "<group>";
		};
		C3F1DE7928FE84C7002AA543 = {
			isa = PBXGroup;
			children = (
				C3F1DE8428FE84C7002AA543 /* FlowLayoutTest */,
				C3F1DE8328FE84C7002AA543 /* Products */,
			);
			sourceTree = "<group>";
		};
		C3F1DE8328FE84C7002AA543 /* Products */ = {
			isa = PBXGroup;
			children = (
				C3F1DE8228FE84C7002AA543 /* FlowLayoutTest.app */,
			);
			name = Products;
			sourceTree = "<group>";
		};
		C3F1DE8428FE84C7002AA543 /* FlowLayoutTest */ = {
			isa = PBXGroup;
			children = (
				C35E87EC29067021004FAA6D /* Rx */,
				C3A7FCAE290015390015F744 /* Setting */,
				C3F1DE8528FE84C7002AA543 /* AppDelegate.swift */,
				C3F1DE8728FE84C7002AA543 /* SceneDelegate.swift */,
				C3F1DE8928FE84C7002AA543 /* ViewController.swift */,
				C3F1DE8B28FE84C7002AA543 /* Main.storyboard */,
				C3F1DE8E28FE84C8002AA543 /* Assets.xcassets */,
				C3F1DE9028FE84C8002AA543 /* LaunchScreen.storyboard */,
				C3F1DE9328FE84C8002AA543 /* Info.plist */,
				C3F1DE9E28FE8526002AA543 /* FlowLayoutCollectionViewController.swift */,
				C3F1DEA028FE864E002AA543 /* Todo.swift */,
				C3A7FCA328FFECED0015F744 /* BaseView.swift */,
				C3A7FCA528FFED510015F744 /* MainView.swift */,
				C3A7FCAA28FFEE3F0015F744 /* BaseViewController.swift */,
				C3A7FCAC28FFEE470015F744 /* MainViewController.swift */,
			);
			path = FlowLayoutTest;
			sourceTree = "<group>";
		};
/* End PBXGroup section */

/* Begin PBXNativeTarget section */
		C3F1DE8128FE84C7002AA543 /* FlowLayoutTest */ = {
			isa = PBXNativeTarget;
			buildConfigurationList = C3F1DE9628FE84C8002AA543 /* Build configuration list for PBXNativeTarget "FlowLayoutTest" */;
			buildPhases = (
				C3F1DE7E28FE84C7002AA543 /* Sources */,
				C3F1DE7F28FE84C7002AA543 /* Frameworks */,
				C3F1DE8028FE84C7002AA543 /* Resources */,
			);
			buildRules = (
			);
			dependencies = (
			);
			name = FlowLayoutTest;
			packageProductDependencies = (
				C3F1DE9A28FE8512002AA543 /* Realm */,
				C3F1DE9C28FE8512002AA543 /* RealmSwift */,
				C3A7FCA828FFEDD10015F744 /* SnapKit */,
				C35E87EE29067044004FAA6D /* RxCocoa */,
				C35E87F029067044004FAA6D /* RxSwift */,
			);
			productName = FlowLayoutTest;
			productReference = C3F1DE8228FE84C7002AA543 /* FlowLayoutTest.app */;
			productType = "com.apple.product-type.application";
		};
/* End PBXNativeTarget section */

/* Begin PBXProject section */
		C3F1DE7A28FE84C7002AA543 /* Project object */ = {
			isa = PBXProject;
			attributes = {
				BuildIndependentTargetsInParallel = 1;
				LastSwiftUpdateCheck = 1400;
				LastUpgradeCheck = 1400;
				TargetAttributes = {
					C3F1DE8128FE84C7002AA543 = {
						CreatedOnToolsVersion = 14.0.1;
					};
				};
			};
			buildConfigurationList = C3F1DE7D28FE84C7002AA543 /* Build configuration list for PBXProject "FlowLayoutTest" */;
			compatibilityVersion = "Xcode 14.0";
			developmentRegion = en;
			hasScannedForEncodings = 0;
			knownRegions = (
				en,
				Base,
			);
			mainGroup = C3F1DE7928FE84C7002AA543;
			packageReferences = (
				C3F1DE9928FE8512002AA543 /* XCRemoteSwiftPackageReference "realm-swift" */,
				C3A7FCA728FFEDD10015F744 /* XCRemoteSwiftPackageReference "SnapKit" */,
				C35E87ED29067044004FAA6D /* XCRemoteSwiftPackageReference "RxSwift" */,
			);
			productRefGroup = C3F1DE8328FE84C7002AA543 /* Products */;
			projectDirPath = "";
			projectRoot = "";
			targets = (
				C3F1DE8128FE84C7002AA543 /* FlowLayoutTest */,
			);
		};
/* End PBXProject section */

/* Begin PBXResourcesBuildPhase section */
		C3F1DE8028FE84C7002AA543 /* Resources */ = {
			isa = PBXResourcesBuildPhase;
			buildActionMask = 2147483647;
			files = (
				C3F1DE9228FE84C8002AA543 /* LaunchScreen.storyboard in Resources */,
				C3F1DE8F28FE84C8002AA543 /* Assets.xcassets in Resources */,
				C3F1DE8D28FE84C7002AA543 /* Main.storyboard in Resources */,
			);
			runOnlyForDeploymentPostprocessing = 0;
		};
/* End PBXResourcesBuildPhase section */

/* Begin PBXSourcesBuildPhase section */
		C3F1DE7E28FE84C7002AA543 /* Sources */ = {
			isa = PBXSourcesBuildPhase;
			buildActionMask = 2147483647;
			files = (
				C3F1DE9F28FE8526002AA543 /* FlowLayoutCollectionViewController.swift in Sources */,
				C35E87F52906706A004FAA6D /* RxMainViewController.swift in Sources */,
				C3A7FCB22900154E0015F744 /* SettingViewController.swift in Sources */,
				C35E88262907F720004FAA6D /* RxSubjectView.swift in Sources */,
				C3A7FCB0290015430015F744 /* SettingView.swift in Sources */,
				C3A7FCA628FFED510015F744 /* MainView.swift in Sources */,
				C3F1DE8A28FE84C7002AA543 /* ViewController.swift in Sources */,
				C35E87F329067061004FAA6D /* RxMainView.swift in Sources */,
				C3F1DE8628FE84C7002AA543 /* AppDelegate.swift in Sources */,
				C3A7FCA428FFECED0015F744 /* BaseView.swift in Sources */,
				C35E88242907F701004FAA6D /* RxSubjectViewController.swift in Sources */,
				C35E88222907F421004FAA6D /* RxSubjectViewModel.swift in Sources */,
				C3A7FCAB28FFEE3F0015F744 /* BaseViewController.swift in Sources */,
				C3A7FCAD28FFEE470015F744 /* MainViewController.swift in Sources */,
				C3F1DE8828FE84C7002AA543 /* SceneDelegate.swift in Sources */,
				C3F1DEA128FE864E002AA543 /* Todo.swift in Sources */,
			);
			runOnlyForDeploymentPostprocessing = 0;
		};
/* End PBXSourcesBuildPhase section */

/* Begin PBXVariantGroup section */
		C3F1DE8B28FE84C7002AA543 /* Main.storyboard */ = {
			isa = PBXVariantGroup;
			children = (
				C3F1DE8C28FE84C7002AA543 /* Base */,
			);
			name = Main.storyboard;
			sourceTree = "<group>";
		};
		C3F1DE9028FE84C8002AA543 /* LaunchScreen.storyboard */ = {
			isa = PBXVariantGroup;
			children = (
				C3F1DE9128FE84C8002AA543 /* Base */,
			);
			name = LaunchScreen.storyboard;
			sourceTree = "<group>";
		};
/* End PBXVariantGroup section */

/* Begin XCBuildConfiguration section */
		C3F1DE9428FE84C8002AA543 /* Debug */ = {
			isa = XCBuildConfiguration;
			buildSettings = {
				ALWAYS_SEARCH_USER_PATHS = NO;
				CLANG_ANALYZER_NONNULL = YES;
				CLANG_ANALYZER_NUMBER_OBJECT_CONVERSION = YES_AGGRESSIVE;
				CLANG_CXX_LANGUAGE_STANDARD = "gnu++20";
				CLANG_ENABLE_MODULES = YES;
				CLANG_ENABLE_OBJC_ARC = YES;
				CLANG_ENABLE_OBJC_WEAK = YES;
				CLANG_WARN_BLOCK_CAPTURE_AUTORELEASING = YES;
				CLANG_WARN_BOOL_CONVERSION = YES;
				CLANG_WARN_COMMA = YES;
				CLANG_WARN_CONSTANT_CONVERSION = YES;
				CLANG_WARN_DEPRECATED_OBJC_IMPLEMENTATIONS = YES;
				CLANG_WARN_DIRECT_OBJC_ISA_USAGE = YES_ERROR;
				CLANG_WARN_DOCUMENTATION_COMMENTS = YES;
				CLANG_WARN_EMPTY_BODY = YES;
				CLANG_WARN_ENUM_CONVERSION = YES;
				CLANG_WARN_INFINITE_RECURSION = YES;
				CLANG_WARN_INT_CONVERSION = YES;
				CLANG_WARN_NON_LITERAL_NULL_CONVERSION = YES;
				CLANG_WARN_OBJC_IMPLICIT_RETAIN_SELF = YES;
				CLANG_WARN_OBJC_LITERAL_CONVERSION = YES;
				CLANG_WARN_OBJC_ROOT_CLASS = YES_ERROR;
				CLANG_WARN_QUOTED_INCLUDE_IN_FRAMEWORK_HEADER = YES;
				CLANG_WARN_RANGE_LOOP_ANALYSIS = YES;
				CLANG_WARN_STRICT_PROTOTYPES = YES;
				CLANG_WARN_SUSPICIOUS_MOVE = YES;
				CLANG_WARN_UNGUARDED_AVAILABILITY = YES_AGGRESSIVE;
				CLANG_WARN_UNREACHABLE_CODE = YES;
				CLANG_WARN__DUPLICATE_METHOD_MATCH = YES;
				COPY_PHASE_STRIP = NO;
				DEBUG_INFORMATION_FORMAT = dwarf;
				ENABLE_STRICT_OBJC_MSGSEND = YES;
				ENABLE_TESTABILITY = YES;
				GCC_C_LANGUAGE_STANDARD = gnu11;
				GCC_DYNAMIC_NO_PIC = NO;
				GCC_NO_COMMON_BLOCKS = YES;
				GCC_OPTIMIZATION_LEVEL = 0;
				GCC_PREPROCESSOR_DEFINITIONS = (
					"DEBUG=1",
					"$(inherited)",
				);
				GCC_WARN_64_TO_32_BIT_CONVERSION = YES;
				GCC_WARN_ABOUT_RETURN_TYPE = YES_ERROR;
				GCC_WARN_UNDECLARED_SELECTOR = YES;
				GCC_WARN_UNINITIALIZED_AUTOS = YES_AGGRESSIVE;
				GCC_WARN_UNUSED_FUNCTION = YES;
				GCC_WARN_UNUSED_VARIABLE = YES;
				IPHONEOS_DEPLOYMENT_TARGET = 16.0;
				MTL_ENABLE_DEBUG_INFO = INCLUDE_SOURCE;
				MTL_FAST_MATH = YES;
				ONLY_ACTIVE_ARCH = YES;
				SDKROOT = iphoneos;
				SWIFT_ACTIVE_COMPILATION_CONDITIONS = DEBUG;
				SWIFT_OPTIMIZATION_LEVEL = "-Onone";
			};
			name = Debug;
		};
		C3F1DE9528FE84C8002AA543 /* Release */ = {
			isa = XCBuildConfiguration;
			buildSettings = {
				ALWAYS_SEARCH_USER_PATHS = NO;
				CLANG_ANALYZER_NONNULL = YES;
				CLANG_ANALYZER_NUMBER_OBJECT_CONVERSION = YES_AGGRESSIVE;
				CLANG_CXX_LANGUAGE_STANDARD = "gnu++20";
				CLANG_ENABLE_MODULES = YES;
				CLANG_ENABLE_OBJC_ARC = YES;
				CLANG_ENABLE_OBJC_WEAK = YES;
				CLANG_WARN_BLOCK_CAPTURE_AUTORELEASING = YES;
				CLANG_WARN_BOOL_CONVERSION = YES;
				CLANG_WARN_COMMA = YES;
				CLANG_WARN_CONSTANT_CONVERSION = YES;
				CLANG_WARN_DEPRECATED_OBJC_IMPLEMENTATIONS = YES;
				CLANG_WARN_DIRECT_OBJC_ISA_USAGE = YES_ERROR;
				CLANG_WARN_DOCUMENTATION_COMMENTS = YES;
				CLANG_WARN_EMPTY_BODY = YES;
				CLANG_WARN_ENUM_CONVERSION = YES;
				CLANG_WARN_INFINITE_RECURSION = YES;
				CLANG_WARN_INT_CONVERSION = YES;
				CLANG_WARN_NON_LITERAL_NULL_CONVERSION = YES;
				CLANG_WARN_OBJC_IMPLICIT_RETAIN_SELF = YES;
				CLANG_WARN_OBJC_LITERAL_CONVERSION = YES;
				CLANG_WARN_OBJC_ROOT_CLASS = YES_ERROR;
				CLANG_WARN_QUOTED_INCLUDE_IN_FRAMEWORK_HEADER = YES;
				CLANG_WARN_RANGE_LOOP_ANALYSIS = YES;
				CLANG_WARN_STRICT_PROTOTYPES = YES;
				CLANG_WARN_SUSPICIOUS_MOVE = YES;
				CLANG_WARN_UNGUARDED_AVAILABILITY = YES_AGGRESSIVE;
				CLANG_WARN_UNREACHABLE_CODE = YES;
				CLANG_WARN__DUPLICATE_METHOD_MATCH = YES;
				COPY_PHASE_STRIP = NO;
				DEBUG_INFORMATION_FORMAT = "dwarf-with-dsym";
				ENABLE_NS_ASSERTIONS = NO;
				ENABLE_STRICT_OBJC_MSGSEND = YES;
				GCC_C_LANGUAGE_STANDARD = gnu11;
				GCC_NO_COMMON_BLOCKS = YES;
				GCC_WARN_64_TO_32_BIT_CONVERSION = YES;
				GCC_WARN_ABOUT_RETURN_TYPE = YES_ERROR;
				GCC_WARN_UNDECLARED_SELECTOR = YES;
				GCC_WARN_UNINITIALIZED_AUTOS = YES_AGGRESSIVE;
				GCC_WARN_UNUSED_FUNCTION = YES;
				GCC_WARN_UNUSED_VARIABLE = YES;
				IPHONEOS_DEPLOYMENT_TARGET = 16.0;
				MTL_ENABLE_DEBUG_INFO = NO;
				MTL_FAST_MATH = YES;
				SDKROOT = iphoneos;
				SWIFT_COMPILATION_MODE = wholemodule;
				SWIFT_OPTIMIZATION_LEVEL = "-O";
				VALIDATE_PRODUCT = YES;
			};
			name = Release;
		};
		C3F1DE9728FE84C8002AA543 /* Debug */ = {
			isa = XCBuildConfiguration;
			buildSettings = {
				ASSETCATALOG_COMPILER_APPICON_NAME = AppIcon;
				ASSETCATALOG_COMPILER_GLOBAL_ACCENT_COLOR_NAME = AccentColor;
				CODE_SIGN_STYLE = Automatic;
				CURRENT_PROJECT_VERSION = 1;
				DEVELOPMENT_TEAM = 48S4T8HCYX;
				GENERATE_INFOPLIST_FILE = YES;
				INFOPLIST_FILE = FlowLayoutTest/Info.plist;
				INFOPLIST_KEY_UIApplicationSupportsIndirectInputEvents = YES;
				INFOPLIST_KEY_UILaunchStoryboardName = LaunchScreen;
				INFOPLIST_KEY_UIMainStoryboardFile = Main;
				INFOPLIST_KEY_UISupportedInterfaceOrientations_iPad = "UIInterfaceOrientationPortrait UIInterfaceOrientationPortraitUpsideDown UIInterfaceOrientationLandscapeLeft UIInterfaceOrientationLandscapeRight";
				INFOPLIST_KEY_UISupportedInterfaceOrientations_iPhone = "UIInterfaceOrientationPortrait UIInterfaceOrientationLandscapeLeft UIInterfaceOrientationLandscapeRight";
				LD_RUNPATH_SEARCH_PATHS = (
					"$(inherited)",
					"@executable_path/Frameworks",
				);
				MARKETING_VERSION = 1.0;
				PRODUCT_BUNDLE_IDENTIFIER = com.jun.FlowLayoutTest;
				PRODUCT_NAME = "$(TARGET_NAME)";
				SWIFT_EMIT_LOC_STRINGS = YES;
				SWIFT_VERSION = 5.0;
				TARGETED_DEVICE_FAMILY = "1,2";
			};
			name = Debug;
		};
		C3F1DE9828FE84C8002AA543 /* Release */ = {
			isa = XCBuildConfiguration;
			buildSettings = {
				ASSETCATALOG_COMPILER_APPICON_NAME = AppIcon;
				ASSETCATALOG_COMPILER_GLOBAL_ACCENT_COLOR_NAME = AccentColor;
				CODE_SIGN_STYLE = Automatic;
				CURRENT_PROJECT_VERSION = 1;
				DEVELOPMENT_TEAM = 48S4T8HCYX;
				GENERATE_INFOPLIST_FILE = YES;
				INFOPLIST_FILE = FlowLayoutTest/Info.plist;
				INFOPLIST_KEY_UIApplicationSupportsIndirectInputEvents = YES;
				INFOPLIST_KEY_UILaunchStoryboardName = LaunchScreen;
				INFOPLIST_KEY_UIMainStoryboardFile = Main;
				INFOPLIST_KEY_UISupportedInterfaceOrientations_iPad = "UIInterfaceOrientationPortrait UIInterfaceOrientationPortraitUpsideDown UIInterfaceOrientationLandscapeLeft UIInterfaceOrientationLandscapeRight";
				INFOPLIST_KEY_UISupportedInterfaceOrientations_iPhone = "UIInterfaceOrientationPortrait UIInterfaceOrientationLandscapeLeft UIInterfaceOrientationLandscapeRight";
				LD_RUNPATH_SEARCH_PATHS = (
					"$(inherited)",
					"@executable_path/Frameworks",
				);
				MARKETING_VERSION = 1.0;
				PRODUCT_BUNDLE_IDENTIFIER = com.jun.FlowLayoutTest;
				PRODUCT_NAME = "$(TARGET_NAME)";
				SWIFT_EMIT_LOC_STRINGS = YES;
				SWIFT_VERSION = 5.0;
				TARGETED_DEVICE_FAMILY = "1,2";
			};
			name = Release;
		};
/* End XCBuildConfiguration section */

/* Begin XCConfigurationList section */
		C3F1DE7D28FE84C7002AA543 /* Build configuration list for PBXProject "FlowLayoutTest" */ = {
			isa = XCConfigurationList;
			buildConfigurations = (
				C3F1DE9428FE84C8002AA543 /* Debug */,
				C3F1DE9528FE84C8002AA543 /* Release */,
			);
			defaultConfigurationIsVisible = 0;
			defaultConfigurationName = Release;
		};
		C3F1DE9628FE84C8002AA543 /* Build configuration list for PBXNativeTarget "FlowLayoutTest" */ = {
			isa = XCConfigurationList;
			buildConfigurations = (
				C3F1DE9728FE84C8002AA543 /* Debug */,
				C3F1DE9828FE84C8002AA543 /* Release */,
			);
			defaultConfigurationIsVisible = 0;
			defaultConfigurationName = Release;
		};
/* End XCConfigurationList section */

/* Begin XCRemoteSwiftPackageReference section */
		C35E87ED29067044004FAA6D /* XCRemoteSwiftPackageReference "RxSwift" */ = {
			isa = XCRemoteSwiftPackageReference;
			repositoryURL = "https://github.com/ReactiveX/RxSwift.git";
			requirement = {
				kind = upToNextMajorVersion;
				minimumVersion = 6.0.0;
			};
		};
		C3A7FCA728FFEDD10015F744 /* XCRemoteSwiftPackageReference "SnapKit" */ = {
			isa = XCRemoteSwiftPackageReference;
			repositoryURL = "https://github.com/SnapKit/SnapKit.git";
			requirement = {
				kind = upToNextMajorVersion;
				minimumVersion = 5.0.0;
			};
		};
		C3F1DE9928FE8512002AA543 /* XCRemoteSwiftPackageReference "realm-swift" */ = {
			isa = XCRemoteSwiftPackageReference;
			repositoryURL = "https://github.com/realm/realm-swift.git";
			requirement = {
				kind = upToNextMajorVersion;
				minimumVersion = 10.0.0;
			};
		};
/* End XCRemoteSwiftPackageReference section */

/* Begin XCSwiftPackageProductDependency section */
		C35E87EE29067044004FAA6D /* RxCocoa */ = {
			isa = XCSwiftPackageProductDependency;
			package = C35E87ED29067044004FAA6D /* XCRemoteSwiftPackageReference "RxSwift" */;
			productName = RxCocoa;
		};
		C35E87F029067044004FAA6D /* RxSwift */ = {
			isa = XCSwiftPackageProductDependency;
			package = C35E87ED29067044004FAA6D /* XCRemoteSwiftPackageReference "RxSwift" */;
			productName = RxSwift;
		};
		C3A7FCA828FFEDD10015F744 /* SnapKit */ = {
			isa = XCSwiftPackageProductDependency;
			package = C3A7FCA728FFEDD10015F744 /* XCRemoteSwiftPackageReference "SnapKit" */;
			productName = SnapKit;
		};
		C3F1DE9A28FE8512002AA543 /* Realm */ = {
			isa = XCSwiftPackageProductDependency;
			package = C3F1DE9928FE8512002AA543 /* XCRemoteSwiftPackageReference "realm-swift" */;
			productName = Realm;
		};
		C3F1DE9C28FE8512002AA543 /* RealmSwift */ = {
			isa = XCSwiftPackageProductDependency;
			package = C3F1DE9928FE8512002AA543 /* XCRemoteSwiftPackageReference "realm-swift" */;
			productName = RealmSwift;
		};
/* End XCSwiftPackageProductDependency section */
	};
	rootObject = C3F1DE7A28FE84C7002AA543 /* Project object */;
}
